# THIS IS AN AUTOGENERATED FILE. DO NOT EDIT THIS FILE DIRECTLY.
# yarn lockfile v1


"@photostructure/tz-lookup@^8.0.0":
  version "8.0.0"
  resolved "https://registry.yarnpkg.com/@photostructure/tz-lookup/-/tz-lookup-8.0.0.tgz#9742eedc61e6cf75539f5adbb3d0d90dab7294ee"
  integrity sha512-D5ggPEWSNGEKzKTx6+Gn0NZXHQ4ywgRd2p2h7i/tjEmkv/uJ9SzQd0o7v7FzEAt4bP3dxDoWm43aPfUs9qMOGg==

"@types/cli-progress@^3.11.4":
  version "3.11.4"
  resolved "https://registry.yarnpkg.com/@types/cli-progress/-/cli-progress-3.11.4.tgz#58d9e60bd5fd85a57984890ef9c9d831a0dda896"
  integrity sha512-yufTxeeNCZuEIxx2uebK8lpSAsJM4lvzakm/VxzYhDtqhXCzwH9jpn7nPCxzrROuEbLATqhFq4MIPoG0tlrsvw==
  dependencies:
    "@types/node" "*"

"@types/luxon@^3.3.3":
  version "3.3.3"
  resolved "https://registry.yarnpkg.com/@types/luxon/-/luxon-3.3.3.tgz#b2e20a9536f91ab3e6e7895c91883e1a7ad49a6e"
  integrity sha512-/BJF3NT0pRMuxrenr42emRUF67sXwcZCd+S1ksG/Fcf9O7C3kKCY4uJSbKBE4KDUIYr3WMsvfmWD8hRjXExBJQ==

"@types/node@*", "@types/node@^20.8.0":
  version "20.8.9"
  resolved "https://registry.yarnpkg.com/@types/node/-/node-20.8.9.tgz#646390b4fab269abce59c308fc286dcd818a2b08"
  integrity sha512-UzykFsT3FhHb1h7yD4CA4YhBHq545JC0YnEz41xkipN88eKQtL6rSgocL5tbAP6Ola9Izm/Aw4Ora8He4x0BHg==
  dependencies:
    undici-types "~5.26.4"

"@types/yargs-parser@*":
  version "21.0.2"
  resolved "https://registry.yarnpkg.com/@types/yargs-parser/-/yargs-parser-21.0.2.tgz#7bd04c5da378496ef1695a1008bf8f71847a8b8b"
  integrity sha512-5qcvofLPbfjmBfKaLfj/+f+Sbd6pN4zl7w7VSVI5uz7m9QZTuB2aZAa2uo1wHFBNN2x6g/SoTkXmd8mQnQF2Cw==

"@types/yargs@^17.0.29":
  version "17.0.29"
  resolved "https://registry.yarnpkg.com/@types/yargs/-/yargs-17.0.29.tgz#06aabc72497b798c643c812a8b561537fea760cf"
  integrity sha512-nacjqA3ee9zRF/++a3FUY1suHTFKZeHba2n8WeDw9cCVdmzmHpIxyzOJBcpHvvEmS8E9KqWlSnWHUkOrkhWcvA==
  dependencies:
    "@types/yargs-parser" "*"

ansi-regex@^5.0.1:
  version "5.0.1"
  resolved "https://registry.yarnpkg.com/ansi-regex/-/ansi-regex-5.0.1.tgz#082cb2c89c9fe8659a311a53bd6a4dc5301db304"
  integrity sha512-quJQXlTSUGL2LH9SUXo8VwsY4soanhgo6LNSm84E1LBcE8s3O0wpdiRzyR9z/ZZJMlMWv37qOOb9pdJlMUEKFQ==

ansi-styles@^4.0.0:
  version "4.3.0"
  resolved "https://registry.yarnpkg.com/ansi-styles/-/ansi-styles-4.3.0.tgz#edd803628ae71c04c85ae7a0906edad34b648937"
  integrity sha512-zbB9rCJAT1rbjiVDb2hqKFHNYLxgtk8NURxZ3IZwD3F6NtxbXZQCnnSi1Lkx+IDohdPlFp222wVALIheZJQSEg==
  dependencies:
    color-convert "^2.0.1"

base64-js@0.0.2:
  version "0.0.2"
  resolved "https://registry.yarnpkg.com/base64-js/-/base64-js-0.0.2.tgz#024f0f72afa25b75f9c0ee73cd4f55ec1bed9784"
  integrity sha512-Pj9L87dCdGcKlSqPVUjD+q96pbIx1zQQLb2CUiWURfjiBELv84YX+0nGnKmyT/9KkC7PQk7UN1w+Al8bBozaxQ==

batch-cluster@^12.1.0:
  version "12.1.0"
  resolved "https://registry.yarnpkg.com/batch-cluster/-/batch-cluster-12.1.0.tgz#697f3e11d7bc49d6befea139025431efe0e1e16f"
  integrity sha512-whGyJU4tr7kyg2USByu0/51mML5HsLAeNz5s03kMDYZNsQsGgDJgI47RdY3r7MciCjPkTaTD5O4eOVqOfEO7pg==

bops@0.0.6:
  version "0.0.6"
  resolved "https://registry.yarnpkg.com/bops/-/bops-0.0.6.tgz#082d1d55fa01e60dbdc2ebc2dba37f659554cf3a"
  integrity sha512-EWD8/Ei9o/h/wmR3w/YL/8dGKe4rSFHlaO8VNNcuXnjXjeTgxdcmhjPf9hRCYlqTrBPZbKaht+FxZKahcob5UQ==
  dependencies:
    base64-js "0.0.2"
    to-utf8 "0.0.1"

cli-progress@^3.12.0:
  version "3.12.0"
  resolved "https://registry.yarnpkg.com/cli-progress/-/cli-progress-3.12.0.tgz#807ee14b66bcc086258e444ad0f19e7d42577942"
  integrity sha512-tRkV3HJ1ASwm19THiiLIXLO7Im7wlTuKnvkYaTkyoAPefqjNg7W7DHKUlGRxy9vxDvbyCYQkQozvptuMkGCg8A==
  dependencies:
    string-width "^4.2.3"

cliui@^8.0.1:
  version "8.0.1"
  resolved "https://registry.yarnpkg.com/cliui/-/cliui-8.0.1.tgz#0c04b075db02cbfe60dc8e6cf2f5486b1a3608aa"
  integrity sha512-BSeNnyus75C4//NQ9gQt1/csTXyo/8Sb+afLAkzAptFuMsod9HFokGNudZpi/oQV73hnVK+sR+5PVRMd+Dr7YQ==
  dependencies:
    string-width "^4.2.0"
    strip-ansi "^6.0.1"
    wrap-ansi "^7.0.0"

color-convert@^2.0.1:
  version "2.0.1"
  resolved "https://registry.yarnpkg.com/color-convert/-/color-convert-2.0.1.tgz#72d3a68d598c9bdb3af2ad1e84f21d896abd4de3"
  integrity sha512-RRECPsj7iu/xb5oKYcsFHSppFNnsj/52OVTRKb4zP5onXwVF3zVmmToNcOfGC+CRDpfK/U584fMg38ZHCaElKQ==
  dependencies:
    color-name "~1.1.4"

color-name@~1.1.4:
  version "1.1.4"
  resolved "https://registry.yarnpkg.com/color-name/-/color-name-1.1.4.tgz#c2a09a87acbde69543de6f63fa3995c826c536a2"
  integrity sha512-dOy+3AuW3a2wNbZHIuMZpTcgjGuLU/uBL/ubcZF9OXbDo8ff4O8yVp5Bf0efS8uEoYo5q4Fx7dY9OgQGXgAsQA==

concat-stream@~1.0.0:
  version "1.0.1"
  resolved "https://registry.yarnpkg.com/concat-stream/-/concat-stream-1.0.1.tgz#018b18bc1c7d073a2dc82aa48442341a2c4dd79f"
  integrity sha512-nAHFsgeRVVvZ+aB3S1gLeN73fQ+tdOcw075BHbXMbC6MY0h6nqAkEeqPVCw8kRuDJJZDvaUjxI4jZv2FD0Tl8A==
  dependencies:
    bops "0.0.6"

duplexer@~0.0.3:
  version "0.0.4"
  resolved "https://registry.yarnpkg.com/duplexer/-/duplexer-0.0.4.tgz#afcb7f1f8b8d74f820726171d5d64ac9e4a8ff20"
  integrity sha512-nO0WWuIDTde3CWK/8IPpG50dyhUilgpsqzYSIP+w20Yh+4iDgb/2Gs75QItcp0Hmx/JtxtTXBalj+LSTD1VemA==

emoji-regex@^8.0.0:
  version "8.0.0"
  resolved "https://registry.yarnpkg.com/emoji-regex/-/emoji-regex-8.0.0.tgz#e818fd69ce5ccfcb404594f842963bf53164cc37"
  integrity sha512-MSjYzcWNOA0ewAHpz0MxpYFvwg6yjy1NG3xteoqz644VCo/RPgnr1/GGt+ic3iJTzQ8Eu3TdM14SawnVUmGE6A==

escalade@^3.1.1:
  version "3.1.1"
  resolved "https://registry.yarnpkg.com/escalade/-/escalade-3.1.1.tgz#d8cfdc7000965c5a0174b4a82eaa5c0552742e40"
  integrity sha512-k0er2gUkLf8O0zKJiAhmkTnJlTvINGv7ygDNPbeIsX/TJjGJZHuh9B2UxbsaEkmlEo9MfhrSzmhIlhRlI2GXnw==

exiftool-vendored.exe@12.69.0:
  version "12.69.0"
  resolved "https://registry.yarnpkg.com/exiftool-vendored.exe/-/exiftool-vendored.exe-12.69.0.tgz#8b6e73f150fdeeccafd1054969ffe6cf8395a7f0"
  integrity sha512-e8DDVEUoBkcni1oQQ+Q3girTAL74TxtpUo85SZdvlmsahG0o+dWaY2tCWgyxb848OixI1tIOyJJswPl1t82kDg==

exiftool-vendored.pl@12.69.0:
  version "12.69.0"
  resolved "https://registry.yarnpkg.com/exiftool-vendored.pl/-/exiftool-vendored.pl-12.69.0.tgz#17e002fe1ee5c8cdaa347b5e1ef7727ce04e1fe8"
  integrity sha512-irUz44JqxLQnwFDlrKmJQ4+GTozXzhgigkuaeYcyn+GXw6euW54/Nyb3mOX0SqV0taRXG+P82Vg3WKhN5D2ebQ==

exiftool-vendored@^23.4.0:
  version "23.4.0"
  resolved "https://registry.yarnpkg.com/exiftool-vendored/-/exiftool-vendored-23.4.0.tgz#2694e515d38e9d6624a28da8995aa2012a484425"
  integrity sha512-zwCyZmvqWNGZESs1foeqQk0wTSBc/gfUrGBwgVRaeO48+snD00Ut1T52zrcM3ZFzYTwW+Lziw7aw6dHf+Lddrg==
  dependencies:
    "@photostructure/tz-lookup" "^8.0.0"
    "@types/luxon" "^3.3.3"
    batch-cluster "^12.1.0"
    he "^1.2.0"
    luxon "^3.4.3"
  optionalDependencies:
    exiftool-vendored.exe "12.69.0"
    exiftool-vendored.pl "12.69.0"

ffmetadata@^1.7.0:
  version "1.7.0"
  resolved "https://registry.yarnpkg.com/ffmetadata/-/ffmetadata-1.7.0.tgz#aaa7cfbfaa081caf42e086cc255436432cd6c046"
  integrity sha512-9qiv40lskKAz63qJKemVxmfH3Xkp3TuXK7teQOxh69kSJDxkBu1Mzr93bSKL9fyqqZ4uo6hnZfCHb/40AEF8+A==
  dependencies:
    concat-stream "~1.0.0"
    split "~0.2.6"
    stream-combiner "0.0.2"
    stream-filter "1"
    through "~2.3.4"

get-caller-file@^2.0.5:
  version "2.0.5"
  resolved "https://registry.yarnpkg.com/get-caller-file/-/get-caller-file-2.0.5.tgz#4f94412a82db32f36e3b0b9741f8a97feb031f7e"
  integrity sha512-DyFP3BM/3YHTQOCUL/w0OZHR0lpKeGrxotcHWcqNEdnltqFwXVfhEBQ94eIo34AfQpo0rGki4cyIiftY06h2Fg==

he@^1.2.0:
  version "1.2.0"
  resolved "https://registry.yarnpkg.com/he/-/he-1.2.0.tgz#84ae65fa7eafb165fddb61566ae14baf05664f0f"
  integrity sha512-F/1DnUGPopORZi0ni+CvrCgHQ5FyEAHRLSApuYWMmrbSwoN2Mn/7k+Gl38gJnR7yyDZk6WLXwiGod1JOWNDKGw==

is-fullwidth-code-point@^3.0.0:
  version "3.0.0"
  resolved "https://registry.yarnpkg.com/is-fullwidth-code-point/-/is-fullwidth-code-point-3.0.0.tgz#f116f8064fe90b3f7844a38997c0b75051269f1d"
  integrity sha512-zymm5+u+sCsSWyD9qNaejV3DFvhCKclKdizYaJUuHA83RLjb7nSuGnddCHGv0hk+KY7BMAlsWeK4Ueg6EV6XQg==

luxon@^3.4.3:
  version "3.4.3"
  resolved "https://registry.yarnpkg.com/luxon/-/luxon-3.4.3.tgz#8ddf0358a9492267ffec6a13675fbaab5551315d"
  integrity sha512-tFWBiv3h7z+T/tDaoxA8rqTxy1CHV6gHS//QdaH4pulbq/JuBSGgQspQQqcgnwdAx6pNI7cmvz5Sv/addzHmUg==

moment@^2.29.4:
  version "2.29.4"
  resolved "https://registry.yarnpkg.com/moment/-/moment-2.29.4.tgz#3dbe052889fe7c1b2ed966fcb3a77328964ef108"
  integrity sha512-5LC9SOxjSc2HF6vO2CyuTDNivEdoz2IvyJJGj6X8DJ0eFyfszE0QiEd+iXmBvUP3WHxSjFH/vIsA0EN00cgr8w==

piexif-ts@^2.0.16:
  version "2.0.16"
  resolved "https://registry.yarnpkg.com/piexif-ts/-/piexif-ts-2.0.16.tgz#b49313811f099d617e7e5ea42741e3eed9fb58ab"
  integrity sha512-D32ISpv1CwGYVMLk4Zm/+793DhOj2JuMMpyJRA2/b096XDDWhpAsB901ckXkP4m4cBnI5t6novtOwruwlNVxaA==

require-directory@^2.1.1:
  version "2.1.1"
  resolved "https://registry.yarnpkg.com/require-directory/-/require-directory-2.1.1.tgz#8c64ad5fd30dab1c976e2344ffe7f792a6a6df42"
  integrity sha512-fGxEI7+wsG9xrvdjsrlmL22OMTTiHRwAMroiEeMgq8gzoLC/PQr7RsRDSTLUg/bZAZtF+TVIkHc6/4RIKrui+Q==

split@~0.2.6:
  version "0.2.10"
  resolved "https://registry.yarnpkg.com/split/-/split-0.2.10.tgz#67097c601d697ce1368f418f06cd201cf0521a57"
  integrity sha512-e0pKq+UUH2Xq/sXbYpZBZc3BawsfDZ7dgv+JtRTUPNcvF5CMR4Y9cvJqkMY0MoxWzTHvZuz1beg6pNEKlszPiQ==
  dependencies:
    through "2"

stream-combiner@0.0.2:
  version "0.0.2"
  resolved "https://registry.yarnpkg.com/stream-combiner/-/stream-combiner-0.0.2.tgz#dfe0e74675742565e76c6056788ea5c23bd97db4"
  integrity sha512-Z2D5hPQapscuHNqiyUgjnF1sxG/9CB7gs1a9vcS2/OvMiFwmm6EZw9IjbU34l5mPXS62RidpoBdyB83E0GXHLw==
  dependencies:
    duplexer "~0.0.3"

stream-filter@1:
  version "1.0.0"
  resolved "https://registry.yarnpkg.com/stream-filter/-/stream-filter-1.0.0.tgz#3f0a4c6d5981011e9862a32afdb0df16a4b67ede"
  integrity sha512-FnB+RV/hfX5nU758FY1ImWwmbHRCiqTdZHMlLfnEz/rR8S1HPvt7LzcZh/poqVBvn3cgoiUTmsAipb8oN+EbFA==
  dependencies:
    through "~2"

string-width@^4.1.0, string-width@^4.2.0, string-width@^4.2.3:
  version "4.2.3"
  resolved "https://registry.yarnpkg.com/string-width/-/string-width-4.2.3.tgz#269c7117d27b05ad2e536830a8ec895ef9c6d010"
  integrity sha512-wKyQRQpjJ0sIp62ErSZdGsjMJWsap5oRNihHhu6G7JVO/9jIB6UyevL+tXuOqrng8j/cxKTWyWUwvSTriiZz/g==
  dependencies:
    emoji-regex "^8.0.0"
    is-fullwidth-code-point "^3.0.0"
    strip-ansi "^6.0.1"

strip-ansi@^6.0.0, strip-ansi@^6.0.1:
  version "6.0.1"
  resolved "https://registry.yarnpkg.com/strip-ansi/-/strip-ansi-6.0.1.tgz#9e26c63d30f53443e9489495b2105d37b67a85d9"
  integrity sha512-Y38VPSHcqkFrCpFnQ9vuSXmquuv5oXOKpGeT6aGrr3o3Gc9AlVa6JBfUSOCnbxGGZF+/0ooI7KrPuUSztUdU5A==
  dependencies:
    ansi-regex "^5.0.1"

through@2, through@~2, through@~2.3.4:
  version "2.3.8"
  resolved "https://registry.yarnpkg.com/through/-/through-2.3.8.tgz#0dd4c9ffaabc357960b1b724115d7e0e86a2e1f5"
  integrity sha512-w89qg7PI8wAdvX60bMDP+bFoD5Dvhm9oLheFp5O4a2QF0cSBGsBX4qZmadPMvVqlLJBBci+WqGGOAPvcDeNSVg==

to-utf8@0.0.1:
  version "0.0.1"
  resolved "https://registry.yarnpkg.com/to-utf8/-/to-utf8-0.0.1.tgz#d17aea72ff2fba39b9e43601be7b3ff72e089852"
  integrity sha512-zks18/TWT1iHO3v0vFp5qLKOG27m67ycq/Y7a7cTiRuUNlc4gf3HGnkRgMv0NyhnfTamtkYBJl+YeD1/j07gBQ==

typescript@^5.2.2:
  version "5.2.2"
  resolved "https://registry.yarnpkg.com/typescript/-/typescript-5.2.2.tgz#5ebb5e5a5b75f085f22bc3f8460fba308310fa78"
  integrity sha512-mI4WrpHsbCIcwT9cF4FZvr80QUeKvsUsUvKDoR+X/7XHQH98xYD8YHZg7ANtz2GtZt/CBq2QJ0thkGJMHfqc1w==

undici-types@~5.26.4:
  version "5.26.5"
  resolved "https://registry.yarnpkg.com/undici-types/-/undici-types-5.26.5.tgz#bcd539893d00b56e964fd2657a4866b221a65617"
  integrity sha512-JlCMO+ehdEIKqlFxk6IfVoAUVmgz7cU7zD/h9XZ0qzeosSHmUJVOzSQvvYSYWXkFXC+IfLKSIffhv0sVZup6pA==

wrap-ansi@^7.0.0:
  version "7.0.0"
  resolved "https://registry.yarnpkg.com/wrap-ansi/-/wrap-ansi-7.0.0.tgz#67e145cff510a6a6984bdf1152911d69d2eb9e43"
  integrity sha512-YVGIj2kamLSTxw6NsZjoBxfSwsn0ycdesmc4p+Q21c5zPuZ1pl+NfxVdxPtdHvmNVOQ6XSYG4AUtyt/Fi7D16Q==
  dependencies:
    ansi-styles "^4.0.0"
    string-width "^4.1.0"
    strip-ansi "^6.0.0"

y18n@^5.0.5:
  version "5.0.8"
  resolved "https://registry.yarnpkg.com/y18n/-/y18n-5.0.8.tgz#7f4934d0f7ca8c56f95314939ddcd2dd91ce1d55"
  integrity sha512-0pfFzegeDWJHJIAmTLRP2DwHjdF5s7jo9tuztdQxAhINCdvS+3nGINqPd00AphqJR/0LhANUS6/+7SCb98YOfA==

yargs-parser@^21.1.1:
  version "21.1.1"
  resolved "https://registry.yarnpkg.com/yargs-parser/-/yargs-parser-21.1.1.tgz#9096bceebf990d21bb31fa9516e0ede294a77d35"
  integrity sha512-tVpsJW7DdjecAiFpbIB1e3qxIQsE6NoPc5/eTdrbbIC4h0LVsWhnoa3g+m2HclBIujHzsxZ4VJVA+GUuc2/LBw==

yargs@^17.7.2:
  version "17.7.2"
  resolved "https://registry.yarnpkg.com/yargs/-/yargs-17.7.2.tgz#991df39aca675a192b816e1e0363f9d75d2aa269"
  integrity sha512-7dSzzRQ++CKnNI/krKnYRV7JKKPUXMEh61soaHKg9mrWEhzFWhFnxPxGl+69cD1Ou63C13NUPCnmIcrvqCuM6w==
  dependencies:
    cliui "^8.0.1"
    escalade "^3.1.1"
    get-caller-file "^2.0.5"
    require-directory "^2.1.1"
    string-width "^4.2.3"
    y18n "^5.0.5"
    yargs-parser "^21.1.1"
